{
  "version": 4,
  "terraform_version": "1.10.5",
  "serial": 55,
  "lineage": "1d000c9f-56d3-4301-1f96-af939034c842",
  "outputs": {
    "key_data": {
      "value": "ssh-rsa AAAAB3NzaC1yc2EAAAADAQABAAABgQC2UfBAwhfG4m4hjvOlrFzzhHG6/cK3vBxzhtivRc+DugvBvyMfA6LGQMYCW+LF5WFSntrflnOH2M7Wk4G+TzoBibKeb/IykTjW9Geb6KwrdCTK+2vK01IsyDA+ClyDc60GxnKmN9dVmXPSpUa0MkkmHygdHke80fskk/JlVy9831bSvg/EkNvBmkKSogo7IkuPeHstX+3tGj3vqLJq/JxD8vcweS/8YORkdPVNYbxoMpoUZUpGycUAOxvb4koQZ1rm/px6TvHkJ8kDFXOqx/RAMN2xERWuAwaKgyyyC7w8Ett6d41vhN9Zed0Tp1WZxoM/M0pt+BRZuPX8PKkIWW1Q2ShWFKicG0ndd+Uq7XldK1rWqMV8+HXH5++WHV+JxsM18W35WNlLG2vB3U6m837ABTqGTU8EgNomyCgh+2y5lr+iqkhqlwaDC/t+IytyDZzjbDjcOLqHkTLY+HYSoL/q4XBNWjEEizZHwJigoVIWB8stdUWonF2N8Py4pMdilHk= generated-by-azure",
      "type": "string"
    },
    "public_ip_address": {
      "value": "4.223.175.232",
      "type": "string"
    },
    "resource_group_name": {
      "value": "IDS_resource",
      "type": "string"
    }
  },
  "resources": [
    {
      "mode": "managed",
      "type": "azapi_resource",
      "name": "ssh_public_key",
      "provider": "provider[\"registry.terraform.io/azure/azapi\"]",
      "instances": [
        {
          "schema_version": 1,
          "attributes": {
            "body": {
              "value": "{}",
              "type": "string"
            },
            "id": "/subscriptions/1192b2fc-5242-4356-9165-5f212f4eb46b/resourceGroups/IDS_resource/providers/Microsoft.Compute/sshPublicKeys/sshsubtlechigger",
            "identity": [],
            "ignore_body_changes": null,
            "ignore_casing": false,
            "ignore_missing_property": true,
            "location": "swedencentral",
            "locks": null,
            "name": "sshsubtlechigger",
            "output": {
              "value": "{}",
              "type": "string"
            },
            "parent_id": "/subscriptions/1192b2fc-5242-4356-9165-5f212f4eb46b/resourceGroups/IDS_resource",
            "removing_special_chars": false,
            "response_export_values": null,
            "schema_validation_enabled": true,
            "tags": null,
            "timeouts": null,
            "type": "Microsoft.Compute/sshPublicKeys@2022-11-01"
          },
          "sensitive_attributes": [],
          "dependencies": [
            "azurerm_resource_group.rg",
            "random_pet.ssh_key_name"
          ]
        }
      ]
    },
    {
      "mode": "managed",
      "type": "azapi_resource_action",
      "name": "ssh_public_key_gen",
      "provider": "provider[\"registry.terraform.io/azure/azapi\"]",
      "instances": [
        {
          "schema_version": 1,
          "attributes": {
            "action": "generateKeyPair",
            "body": null,
            "id": "/subscriptions/1192b2fc-5242-4356-9165-5f212f4eb46b/resourceGroups/IDS_resource/providers/Microsoft.Compute/sshPublicKeys/sshsubtlechigger/generateKeyPair",
            "locks": null,
            "method": "POST",
            "output": {
              "value": {
                "privateKey": "-----BEGIN RSA PRIVATE KEY-----\r\nMIIG5AIBAAKCAYEAtlHwQMIXxuJuIY7zpaxc84Rxuv3Ct7wcc4bYr0XPg7oLwb8j\r\nHwOixkDGAlvixeVhUp7a35Zzh9jO1pOBvk86AYmynm/yMpE41vRnm+isK3Qkyvtr\r\nytNSLMgwPgpcg3OtBsZypjfXVZlz0qVGtDJJJh8oHR5HvNH7JJPyZVcvfN9W0r4P\r\nxJDbwZpCkqIKOyJLj3h7LV/t7Ro976iyavycQ/L3MHkv/GDkZHT1TWG8aDKaFGVK\r\nRsnFADsb2+JKEGda5v6cek7x5CfJAxVzqsf0QDDdsREVrgMGioMssgu8PBLbeneN\r\nb4TfWXndE6dVmcaDPzNKbfgUWbj1/DypCFltUNkoVhSonBtJ3XflKu15XSta1qjF\r\nfPh1x+fvlh1ficbDNfFt+VjZSxtrwd1OpvN+wAU6hk1PBIDaJsgoIftsuZa/oqpI\r\napcGgwv7fiMrcg2c42w43Di6h5Ey2Ph2EqC/6uFwTVoxBIs2R8CYoKFSFgfLLXVF\r\nqJxdjfD8uKTHYpR5AgMBAAECggGBAISSFCaie3OMlhQkxBnFuVkBB0m2122OhQmk\r\nFc9s7bWVBJN/DmSw2h1aYCC6+6x2XEwdYn2OArfW+J+iZochSMZxf8YhFHWcjz4O\r\nPYBqsTZvn4lRRFIZUvlpH1sdYaPb6wawKhGfLR77E/MpZr4EipgDs8FokTVFYl54\r\njZsOyGL+az2WIhUGWCTwrFO/K71P9K2AJ+EYjgMIP90SR5nv0Ri/hOpkVHYpZil9\r\nuhjoZn1Fvi/ybw4GDQ9b66f5ZW2EGKTyTHYC07apGd8pAErp7CU9q0TB0qT76bxU\r\nyJpL9k8X51dECsHyNvHNgV+6xJYmyKRUgQpTYgotQIOCbzLRks9P11RKeBeclBjz\r\nfmurhA6IZlhvwo3/+qHwomd6fwKedIl1irDUUNdjwtD4XssCQfAegm6lV19s8BAb\r\nlfX4OInulq0Rsz8r17EWK+kewZTuyLsys9U4+goinyXS2nCEh0A8vWS/x/OY4JX+\r\nhrjmI1kmt6s2HXy+Zgj81YPd5nam2QKBwQDSv2mIj+Jlh9eK4hEnyl1jH8NVQ2By\r\n2jy+lDpqBUGWTWYQg5+1brMph3ekBOkuliL9re3AMsl8zL7gY7pvarnk57266IIt\r\nu+qnb0tjlgkJsepNpBV8YcztCkdr/PhUqbbAHDSipO18yMA5V4D2xv20olz9Wa6u\r\nejOLqyTpUNoAaKBrzzYqepKRAlJkgXjXa1DuhqP3AzpWyjMMKqhUmj9TzH/1WbGU\r\nS+kKLFkBUCDfr4Cx1Y1KqVZaGXzTM73y6MsCgcEA3XfjXGrvgxyHdLnGbrGcq3vV\r\nDolpK08LUBrMgo5jjYKNfvM9qcWWQ4qtTrw36wPb3ynFlzHsmLOOzxNazi0VS7fK\r\n1GhN6lLjicEBWz7QklMyUoNKc0HwWMIxbkWK/Xj61yRVA3Z3cCME0B11OXeccKAl\r\nluuUMOoFPsUB1nbQ5hLh4MLaNFcqNCAhwqTJx+AewZjBc5tsYhbac3ozyxMFO54A\r\n5HbUaACIm5sI8tkX3CiPqiWnDblAutOABXvPugNLAoHAcYE4NJ3SAH7uPtXNCZI7\r\nQ+TajnRwYMtbhgVNhMZ58ZqUCvbpMI2Dny1f6Y3fjQC9rcVcVHTGAho//5iW0+U2\r\nY6vQivcpDbq1AiK2BtfK3Fbfa5uhGtGNzmkH2Ihxsx+I1uUaEDMl2VxB82BGjCLW\r\nh9AepzEDHOOiGWo+wg6Sqz+ujwIWGUDU6ZbHi2wUCmm5OA56BtLNO+tBHR9oc9Bz\r\npQ1yKVF6i/VqeNkzwrpGSlM6zAzJQVn8sSAjE5k9h7OLAoHAKEVdnXeAd/nfE7WY\r\nRJadY31P/6Wy7wIfj4BgAbl8lsXPju8SHmXkbgGwg+mrzVtVRt4kpNqaKCY2aKcf\r\nUvBVuAACrN8Ok/Zgk7L52Sqx6HmiY+ilyBGMb8dYD7IrlO3Dxw0/PDL1gvmLLYC9\r\nySZb1wr36tqJht929rQCIopWcA+s7R7haLUU4oeZO/iVDHhPf2qUer4fVjLLpEXr\r\nVxjtUarohKKq+wJl1M27MdWSBiGGBi10lAVEpPRCijy6SBvDAoHBAK4jU3j+p6cu\r\n2yFCwlGUe+KVJDUM7BqZZGzza00A43lkx00Ud8C5bZ8vfP+nMGBKHZS6PLtJMMJt\r\npKWPP6+8AU2HnkJ4FSeisktMqqMBnO/whx/EhNAwjLBzUoGw4Vrs0I5+HlV3eS+H\r\n1LF0pvFB9O7Td+iBM4mldgRtHkQmaf2m/kKnU1XvJmnraQNt4vCHGhT4mtRQfnyp\r\n7XbBLbwIupx5U3jIMS+JnXcSXThm1/+mzkjQ5MjOjP+aEtQ5Wp23IQ==\r\n-----END RSA PRIVATE KEY-----\r\n",
                "publicKey": "ssh-rsa AAAAB3NzaC1yc2EAAAADAQABAAABgQC2UfBAwhfG4m4hjvOlrFzzhHG6/cK3vBxzhtivRc+DugvBvyMfA6LGQMYCW+LF5WFSntrflnOH2M7Wk4G+TzoBibKeb/IykTjW9Geb6KwrdCTK+2vK01IsyDA+ClyDc60GxnKmN9dVmXPSpUa0MkkmHygdHke80fskk/JlVy9831bSvg/EkNvBmkKSogo7IkuPeHstX+3tGj3vqLJq/JxD8vcweS/8YORkdPVNYbxoMpoUZUpGycUAOxvb4koQZ1rm/px6TvHkJ8kDFXOqx/RAMN2xERWuAwaKgyyyC7w8Ett6d41vhN9Zed0Tp1WZxoM/M0pt+BRZuPX8PKkIWW1Q2ShWFKicG0ndd+Uq7XldK1rWqMV8+HXH5++WHV+JxsM18W35WNlLG2vB3U6m837ABTqGTU8EgNomyCgh+2y5lr+iqkhqlwaDC/t+IytyDZzjbDjcOLqHkTLY+HYSoL/q4XBNWjEEizZHwJigoVIWB8stdUWonF2N8Py4pMdilHk= generated-by-azure"
              },
              "type": [
                "object",
                {
                  "privateKey": "string",
                  "publicKey": "string"
                }
              ]
            },
            "resource_id": "/subscriptions/1192b2fc-5242-4356-9165-5f212f4eb46b/resourceGroups/IDS_resource/providers/Microsoft.Compute/sshPublicKeys/sshsubtlechigger",
            "response_export_values": [
              "publicKey",
              "privateKey"
            ],
            "timeouts": null,
            "type": "Microsoft.Compute/sshPublicKeys@2022-11-01",
            "when": "apply"
          },
          "sensitive_attributes": [],
          "dependencies": [
            "azapi_resource.ssh_public_key",
            "azurerm_resource_group.rg",
            "random_pet.ssh_key_name"
          ]
        }
      ]
    },
    {
      "mode": "managed",
      "type": "azurerm_linux_virtual_machine",
      "name": "my_terraform_vm",
      "provider": "provider[\"registry.terraform.io/hashicorp/azurerm\"]",
      "instances": [
        {
          "schema_version": 0,
          "attributes": {
            "additional_capabilities": [],
            "admin_password": null,
            "admin_ssh_key": [
              {
                "public_key": "ssh-rsa AAAAB3NzaC1yc2EAAAADAQABAAABgQC2UfBAwhfG4m4hjvOlrFzzhHG6/cK3vBxzhtivRc+DugvBvyMfA6LGQMYCW+LF5WFSntrflnOH2M7Wk4G+TzoBibKeb/IykTjW9Geb6KwrdCTK+2vK01IsyDA+ClyDc60GxnKmN9dVmXPSpUa0MkkmHygdHke80fskk/JlVy9831bSvg/EkNvBmkKSogo7IkuPeHstX+3tGj3vqLJq/JxD8vcweS/8YORkdPVNYbxoMpoUZUpGycUAOxvb4koQZ1rm/px6TvHkJ8kDFXOqx/RAMN2xERWuAwaKgyyyC7w8Ett6d41vhN9Zed0Tp1WZxoM/M0pt+BRZuPX8PKkIWW1Q2ShWFKicG0ndd+Uq7XldK1rWqMV8+HXH5++WHV+JxsM18W35WNlLG2vB3U6m837ABTqGTU8EgNomyCgh+2y5lr+iqkhqlwaDC/t+IytyDZzjbDjcOLqHkTLY+HYSoL/q4XBNWjEEizZHwJigoVIWB8stdUWonF2N8Py4pMdilHk= generated-by-azure",
                "username": "azureadmin"
              }
            ],
            "admin_username": "azureadmin",
            "allow_extension_operations": true,
            "availability_set_id": "",
            "boot_diagnostics": [
              {
                "storage_account_uri": "https://diag58ee1b477d25dd9c.blob.core.windows.net/"
              }
            ],
            "bypass_platform_safety_checks_on_user_schedule_enabled": false,
            "capacity_reservation_group_id": "",
            "computer_name": "hostname",
            "custom_data": "IyEvYmluL2Jhc2gKYXB0LWdldCB1cGRhdGUgLXkKYXB0LWdldCBpbnN0YWxsIC15IGRvY2tlci5pbyAgIyBJbnN0YWxsIERvY2tlcgpzeXN0ZW1jdGwgc3RhcnQgZG9ja2VyICAgICAgICMgU3RhcnQgRG9ja2VyIHNlcnZpY2UKc3lzdGVtY3RsIGVuYWJsZSBkb2NrZXIgICAgICAjIEVuYWJsZSBEb2NrZXIgdG8gc3RhcnQgb24gYm9vdAogICAgICAgICAgICAgICAgCiMgUHVsbCB0aGUgWmVlayBMVFMgRG9ja2VyIGltYWdlCmRvY2tlciBwdWxsIHplZWsvemVlazpsdHMKICAgICAgICAgICAgICAgIAoKIyBSdW4gWmVlayBjb250YWluZXIgaW4gZGV0YWNoZWQgbW9kZQpkb2NrZXIgcnVuIC1kIC0tbmFtZSB6ZWVrIC0tbmV0IGhvc3QgLS1jYXAtYWRkPU5FVF9BRE1JTiAtLWNhcC1hZGQ9TkVUX1JBVyAKICAgICAgICAgICAgICAgIAogICAgICAgICAgICAgICAgCnplZWsvemVlazpsdHMgICMgVXNlIFplZWsgICAgb2ZmaWNpYWwgRG9ja2VyIGltYWdlCg==",
            "dedicated_host_group_id": "",
            "dedicated_host_id": "",
            "disable_password_authentication": true,
            "disk_controller_type": "SCSI",
            "edge_zone": "",
            "encryption_at_host_enabled": false,
            "eviction_policy": "",
            "extensions_time_budget": "PT1H30M",
            "gallery_application": [],
            "id": "/subscriptions/1192b2fc-5242-4356-9165-5f212f4eb46b/resourceGroups/IDS_resource/providers/Microsoft.Compute/virtualMachines/myVM",
            "identity": [],
            "license_type": "",
            "location": "swedencentral",
            "max_bid_price": -1,
            "name": "myVM",
            "network_interface_ids": [
              "/subscriptions/1192b2fc-5242-4356-9165-5f212f4eb46b/resourceGroups/IDS_resource/providers/Microsoft.Network/networkInterfaces/myNIC"
            ],
            "os_disk": [
              {
                "caching": "ReadWrite",
                "diff_disk_settings": [],
                "disk_encryption_set_id": "",
                "disk_size_gb": 30,
                "name": "myOsDisk",
                "secure_vm_disk_encryption_set_id": "",
                "security_encryption_type": "",
                "storage_account_type": "Premium_LRS",
                "write_accelerator_enabled": false
              }
            ],
            "os_image_notification": [],
            "patch_assessment_mode": "ImageDefault",
            "patch_mode": "ImageDefault",
            "plan": [],
            "platform_fault_domain": -1,
            "priority": "Regular",
            "private_ip_address": "10.0.1.4",
            "private_ip_addresses": [
              "10.0.1.4"
            ],
            "provision_vm_agent": true,
            "proximity_placement_group_id": "",
            "public_ip_address": "4.223.175.232",
            "public_ip_addresses": [
              "4.223.175.232"
            ],
            "reboot_setting": "",
            "resource_group_name": "IDS_resource",
            "secret": [],
            "secure_boot_enabled": false,
            "size": "Standard_DS1_v2",
            "source_image_id": "",
            "source_image_reference": [
              {
                "offer": "0001-com-ubuntu-server-jammy",
                "publisher": "Canonical",
                "sku": "22_04-lts-gen2",
                "version": "latest"
              }
            ],
            "tags": null,
            "termination_notification": null,
            "timeouts": null,
            "user_data": "",
            "virtual_machine_id": "b37af2d8-fdab-4ac4-84db-459d7cccc395",
            "virtual_machine_scale_set_id": "",
            "vm_agent_platform_updates_enabled": false,
            "vtpm_enabled": false,
            "zone": ""
          },
          "sensitive_attributes": [
            [
              {
                "type": "get_attr",
                "value": "custom_data"
              }
            ],
            [
              {
                "type": "get_attr",
                "value": "admin_password"
              }
            ]
          ],
          "private": "eyJlMmJmYjczMC1lY2FhLTExZTYtOGY4OC0zNDM2M2JjN2M0YzAiOnsiY3JlYXRlIjoyNzAwMDAwMDAwMDAwLCJkZWxldGUiOjI3MDAwMDAwMDAwMDAsInJlYWQiOjMwMDAwMDAwMDAwMCwidXBkYXRlIjoyNzAwMDAwMDAwMDAwfX0=",
          "dependencies": [
            "azapi_resource.ssh_public_key",
            "azapi_resource_action.ssh_public_key_gen",
            "azurerm_network_interface.my_terraform_nic",
            "azurerm_public_ip.my_terraform_public_ip",
            "azurerm_resource_group.rg",
            "azurerm_storage_account.my_storage_account",
            "azurerm_subnet.my_terraform_subnet",
            "azurerm_virtual_network.my_terraform_network",
            "random_id.random_id",
            "random_pet.ssh_key_name"
          ]
        }
      ]
    },
    {
      "mode": "managed",
      "type": "azurerm_network_interface",
      "name": "my_terraform_nic",
      "provider": "provider[\"registry.terraform.io/hashicorp/azurerm\"]",
      "instances": [
        {
          "schema_version": 0,
          "attributes": {
            "accelerated_networking_enabled": false,
            "applied_dns_servers": [],
            "auxiliary_mode": "",
            "auxiliary_sku": "",
            "dns_servers": [],
            "edge_zone": "",
            "enable_accelerated_networking": false,
            "enable_ip_forwarding": false,
            "id": "/subscriptions/1192b2fc-5242-4356-9165-5f212f4eb46b/resourceGroups/IDS_resource/providers/Microsoft.Network/networkInterfaces/myNIC",
            "internal_dns_name_label": "",
            "internal_domain_name_suffix": "m0x3hkjb22qublvyyivaz0o5va.gvxx.internal.cloudapp.net",
            "ip_configuration": [
              {
                "gateway_load_balancer_frontend_ip_configuration_id": "",
                "name": "my_nic_configuration",
                "primary": true,
                "private_ip_address": "10.0.1.4",
                "private_ip_address_allocation": "Dynamic",
                "private_ip_address_version": "IPv4",
                "public_ip_address_id": "/subscriptions/1192b2fc-5242-4356-9165-5f212f4eb46b/resourceGroups/IDS_resource/providers/Microsoft.Network/publicIPAddresses/myPublicIP",
                "subnet_id": "/subscriptions/1192b2fc-5242-4356-9165-5f212f4eb46b/resourceGroups/IDS_resource/providers/Microsoft.Network/virtualNetworks/myVnet/subnets/mySubnet"
              }
            ],
            "ip_forwarding_enabled": false,
            "location": "swedencentral",
            "mac_address": "",
            "name": "myNIC",
            "private_ip_address": "10.0.1.4",
            "private_ip_addresses": [
              "10.0.1.4"
            ],
            "resource_group_name": "IDS_resource",
            "tags": null,
            "timeouts": null,
            "virtual_machine_id": ""
          },
          "sensitive_attributes": [],
          "private": "eyJlMmJmYjczMC1lY2FhLTExZTYtOGY4OC0zNDM2M2JjN2M0YzAiOnsiY3JlYXRlIjoxODAwMDAwMDAwMDAwLCJkZWxldGUiOjE4MDAwMDAwMDAwMDAsInJlYWQiOjMwMDAwMDAwMDAwMCwidXBkYXRlIjoxODAwMDAwMDAwMDAwfX0=",
          "dependencies": [
            "azurerm_public_ip.my_terraform_public_ip",
            "azurerm_resource_group.rg",
            "azurerm_subnet.my_terraform_subnet",
            "azurerm_virtual_network.my_terraform_network"
          ]
        }
      ]
    },
    {
      "mode": "managed",
      "type": "azurerm_network_interface_security_group_association",
      "name": "example",
      "provider": "provider[\"registry.terraform.io/hashicorp/azurerm\"]",
      "instances": [
        {
          "schema_version": 0,
          "attributes": {
            "id": "/subscriptions/1192b2fc-5242-4356-9165-5f212f4eb46b/resourceGroups/IDS_resource/providers/Microsoft.Network/networkInterfaces/myNIC|/subscriptions/1192b2fc-5242-4356-9165-5f212f4eb46b/resourceGroups/IDS_resource/providers/Microsoft.Network/networkSecurityGroups/myNetworkSecurityGroup",
            "network_interface_id": "/subscriptions/1192b2fc-5242-4356-9165-5f212f4eb46b/resourceGroups/IDS_resource/providers/Microsoft.Network/networkInterfaces/myNIC",
            "network_security_group_id": "/subscriptions/1192b2fc-5242-4356-9165-5f212f4eb46b/resourceGroups/IDS_resource/providers/Microsoft.Network/networkSecurityGroups/myNetworkSecurityGroup",
            "timeouts": null
          },
          "sensitive_attributes": [],
          "private": "eyJlMmJmYjczMC1lY2FhLTExZTYtOGY4OC0zNDM2M2JjN2M0YzAiOnsiY3JlYXRlIjoxODAwMDAwMDAwMDAwLCJkZWxldGUiOjE4MDAwMDAwMDAwMDAsInJlYWQiOjMwMDAwMDAwMDAwMH19",
          "dependencies": [
            "azurerm_network_interface.my_terraform_nic",
            "azurerm_network_security_group.my_terraform_nsg",
            "azurerm_public_ip.my_terraform_public_ip",
            "azurerm_resource_group.rg",
            "azurerm_subnet.my_terraform_subnet",
            "azurerm_virtual_network.my_terraform_network"
          ]
        }
      ]
    },
    {
      "mode": "managed",
      "type": "azurerm_network_security_group",
      "name": "my_terraform_nsg",
      "provider": "provider[\"registry.terraform.io/hashicorp/azurerm\"]",
      "instances": [
        {
          "schema_version": 0,
          "attributes": {
            "id": "/subscriptions/1192b2fc-5242-4356-9165-5f212f4eb46b/resourceGroups/IDS_resource/providers/Microsoft.Network/networkSecurityGroups/myNetworkSecurityGroup",
            "location": "swedencentral",
            "name": "myNetworkSecurityGroup",
            "resource_group_name": "IDS_resource",
            "security_rule": [
              {
                "access": "Allow",
                "description": "",
                "destination_address_prefix": "*",
                "destination_address_prefixes": [],
                "destination_application_security_group_ids": [],
                "destination_port_range": "22",
                "destination_port_ranges": [],
                "direction": "Inbound",
                "name": "SSH",
                "priority": 1001,
                "protocol": "Tcp",
                "source_address_prefix": "*",
                "source_address_prefixes": [],
                "source_application_security_group_ids": [],
                "source_port_range": "*",
                "source_port_ranges": []
              }
            ],
            "tags": null,
            "timeouts": null
          },
          "sensitive_attributes": [],
          "private": "eyJlMmJmYjczMC1lY2FhLTExZTYtOGY4OC0zNDM2M2JjN2M0YzAiOnsiY3JlYXRlIjoxODAwMDAwMDAwMDAwLCJkZWxldGUiOjE4MDAwMDAwMDAwMDAsInJlYWQiOjMwMDAwMDAwMDAwMCwidXBkYXRlIjoxODAwMDAwMDAwMDAwfX0=",
          "dependencies": [
            "azurerm_resource_group.rg"
          ]
        }
      ]
    },
    {
      "mode": "managed",
      "type": "azurerm_public_ip",
      "name": "my_terraform_public_ip",
      "provider": "provider[\"registry.terraform.io/hashicorp/azurerm\"]",
      "instances": [
        {
          "schema_version": 0,
          "attributes": {
            "allocation_method": "Dynamic",
            "ddos_protection_mode": "VirtualNetworkInherited",
            "ddos_protection_plan_id": null,
            "domain_name_label": null,
            "edge_zone": "",
            "fqdn": null,
            "id": "/subscriptions/1192b2fc-5242-4356-9165-5f212f4eb46b/resourceGroups/IDS_resource/providers/Microsoft.Network/publicIPAddresses/myPublicIP",
            "idle_timeout_in_minutes": 4,
            "ip_address": "",
            "ip_tags": null,
            "ip_version": "IPv4",
            "location": "swedencentral",
            "name": "myPublicIP",
            "public_ip_prefix_id": null,
            "resource_group_name": "IDS_resource",
            "reverse_fqdn": null,
            "sku": "Basic",
            "sku_tier": "Regional",
            "tags": null,
            "timeouts": null,
            "zones": null
          },
          "sensitive_attributes": [],
          "private": "eyJlMmJmYjczMC1lY2FhLTExZTYtOGY4OC0zNDM2M2JjN2M0YzAiOnsiY3JlYXRlIjoxODAwMDAwMDAwMDAwLCJkZWxldGUiOjE4MDAwMDAwMDAwMDAsInJlYWQiOjMwMDAwMDAwMDAwMCwidXBkYXRlIjoxODAwMDAwMDAwMDAwfX0=",
          "dependencies": [
            "azurerm_resource_group.rg"
          ]
        }
      ]
    },
    {
      "mode": "managed",
      "type": "azurerm_resource_group",
      "name": "rg",
      "provider": "provider[\"registry.terraform.io/hashicorp/azurerm\"]",
      "instances": [
        {
          "schema_version": 0,
          "attributes": {
            "id": "/subscriptions/1192b2fc-5242-4356-9165-5f212f4eb46b/resourceGroups/IDS_resource",
            "location": "swedencentral",
            "managed_by": "",
            "name": "IDS_resource",
            "tags": null,
            "timeouts": null
          },
          "sensitive_attributes": [],
          "private": "eyJlMmJmYjczMC1lY2FhLTExZTYtOGY4OC0zNDM2M2JjN2M0YzAiOnsiY3JlYXRlIjo1NDAwMDAwMDAwMDAwLCJkZWxldGUiOjU0MDAwMDAwMDAwMDAsInJlYWQiOjMwMDAwMDAwMDAwMCwidXBkYXRlIjo1NDAwMDAwMDAwMDAwfX0="
        }
      ]
    },
    {
      "mode": "managed",
      "type": "azurerm_storage_account",
      "name": "my_storage_account",
      "provider": "provider[\"registry.terraform.io/hashicorp/azurerm\"]",
      "instances": [
        {
          "schema_version": 4,
          "attributes": {
            "access_tier": "Hot",
            "account_kind": "StorageV2",
            "account_replication_type": "LRS",
            "account_tier": "Standard",
            "allow_nested_items_to_be_public": true,
            "allowed_copy_scope": "",
            "azure_files_authentication": [],
            "blob_properties": [
              {
                "change_feed_enabled": false,
                "change_feed_retention_in_days": 0,
                "container_delete_retention_policy": [],
                "cors_rule": [],
                "default_service_version": "",
                "delete_retention_policy": [],
                "last_access_time_enabled": false,
                "restore_policy": [],
                "versioning_enabled": false
              }
            ],
            "cross_tenant_replication_enabled": true,
            "custom_domain": [],
            "customer_managed_key": [],
            "default_to_oauth_authentication": false,
            "dns_endpoint_type": "Standard",
            "edge_zone": "",
            "enable_https_traffic_only": true,
            "https_traffic_only_enabled": true,
            "id": "/subscriptions/1192b2fc-5242-4356-9165-5f212f4eb46b/resourceGroups/IDS_resource/providers/Microsoft.Storage/storageAccounts/diag58ee1b477d25dd9c",
            "identity": [],
            "immutability_policy": [],
            "infrastructure_encryption_enabled": false,
            "is_hns_enabled": false,
            "large_file_share_enabled": false,
            "local_user_enabled": true,
            "location": "swedencentral",
            "min_tls_version": "TLS1_2",
            "name": "diag58ee1b477d25dd9c",
            "network_rules": [],
            "nfsv3_enabled": false,
            "primary_access_key": "nmGtBKf7cvVZQab/Y/uK7JqX8BeCD0rjZTiYl64Cpffd5YzPl9/Wu/2KjjtP/2J0kzDafiJJe8rD+AStlLWffA==",
            "primary_blob_connection_string": "DefaultEndpointsProtocol=https;BlobEndpoint=https://diag58ee1b477d25dd9c.blob.core.windows.net/;AccountName=diag58ee1b477d25dd9c;AccountKey=nmGtBKf7cvVZQab/Y/uK7JqX8BeCD0rjZTiYl64Cpffd5YzPl9/Wu/2KjjtP/2J0kzDafiJJe8rD+AStlLWffA==",
            "primary_blob_endpoint": "https://diag58ee1b477d25dd9c.blob.core.windows.net/",
            "primary_blob_host": "diag58ee1b477d25dd9c.blob.core.windows.net",
            "primary_blob_internet_endpoint": "",
            "primary_blob_internet_host": "",
            "primary_blob_microsoft_endpoint": "",
            "primary_blob_microsoft_host": "",
            "primary_connection_string": "DefaultEndpointsProtocol=https;AccountName=diag58ee1b477d25dd9c;AccountKey=nmGtBKf7cvVZQab/Y/uK7JqX8BeCD0rjZTiYl64Cpffd5YzPl9/Wu/2KjjtP/2J0kzDafiJJe8rD+AStlLWffA==;EndpointSuffix=core.windows.net",
            "primary_dfs_endpoint": "https://diag58ee1b477d25dd9c.dfs.core.windows.net/",
            "primary_dfs_host": "diag58ee1b477d25dd9c.dfs.core.windows.net",
            "primary_dfs_internet_endpoint": "",
            "primary_dfs_internet_host": "",
            "primary_dfs_microsoft_endpoint": "",
            "primary_dfs_microsoft_host": "",
            "primary_file_endpoint": "https://diag58ee1b477d25dd9c.file.core.windows.net/",
            "primary_file_host": "diag58ee1b477d25dd9c.file.core.windows.net",
            "primary_file_internet_endpoint": "",
            "primary_file_internet_host": "",
            "primary_file_microsoft_endpoint": "",
            "primary_file_microsoft_host": "",
            "primary_location": "swedencentral",
            "primary_queue_endpoint": "https://diag58ee1b477d25dd9c.queue.core.windows.net/",
            "primary_queue_host": "diag58ee1b477d25dd9c.queue.core.windows.net",
            "primary_queue_microsoft_endpoint": "",
            "primary_queue_microsoft_host": "",
            "primary_table_endpoint": "https://diag58ee1b477d25dd9c.table.core.windows.net/",
            "primary_table_host": "diag58ee1b477d25dd9c.table.core.windows.net",
            "primary_table_microsoft_endpoint": "",
            "primary_table_microsoft_host": "",
            "primary_web_endpoint": "https://diag58ee1b477d25dd9c.z1.web.core.windows.net/",
            "primary_web_host": "diag58ee1b477d25dd9c.z1.web.core.windows.net",
            "primary_web_internet_endpoint": "",
            "primary_web_internet_host": "",
            "primary_web_microsoft_endpoint": "",
            "primary_web_microsoft_host": "",
            "public_network_access_enabled": true,
            "queue_encryption_key_type": "Service",
            "queue_properties": [
              {
                "cors_rule": [],
                "hour_metrics": [
                  {
                    "enabled": true,
                    "include_apis": true,
                    "retention_policy_days": 7,
                    "version": "1.0"
                  }
                ],
                "logging": [
                  {
                    "delete": false,
                    "read": false,
                    "retention_policy_days": 0,
                    "version": "1.0",
                    "write": false
                  }
                ],
                "minute_metrics": [
                  {
                    "enabled": false,
                    "include_apis": false,
                    "retention_policy_days": 0,
                    "version": "1.0"
                  }
                ]
              }
            ],
            "resource_group_name": "IDS_resource",
            "routing": [],
            "sas_policy": [],
            "secondary_access_key": "KpClvNJ8Kjz4bF+0kYM0Thh5zv6753p3XAD09XshoG64nqHmHKKx+9GhS5VzaWYmW8NOyMZgm+Xa+AStKOsPDQ==",
            "secondary_blob_connection_string": "",
            "secondary_blob_endpoint": "",
            "secondary_blob_host": "",
            "secondary_blob_internet_endpoint": "",
            "secondary_blob_internet_host": "",
            "secondary_blob_microsoft_endpoint": "",
            "secondary_blob_microsoft_host": "",
            "secondary_connection_string": "DefaultEndpointsProtocol=https;AccountName=diag58ee1b477d25dd9c;AccountKey=KpClvNJ8Kjz4bF+0kYM0Thh5zv6753p3XAD09XshoG64nqHmHKKx+9GhS5VzaWYmW8NOyMZgm+Xa+AStKOsPDQ==;EndpointSuffix=core.windows.net",
            "secondary_dfs_endpoint": "",
            "secondary_dfs_host": "",
            "secondary_dfs_internet_endpoint": "",
            "secondary_dfs_internet_host": "",
            "secondary_dfs_microsoft_endpoint": "",
            "secondary_dfs_microsoft_host": "",
            "secondary_file_endpoint": "",
            "secondary_file_host": "",
            "secondary_file_internet_endpoint": "",
            "secondary_file_internet_host": "",
            "secondary_file_microsoft_endpoint": "",
            "secondary_file_microsoft_host": "",
            "secondary_location": "",
            "secondary_queue_endpoint": "",
            "secondary_queue_host": "",
            "secondary_queue_microsoft_endpoint": "",
            "secondary_queue_microsoft_host": "",
            "secondary_table_endpoint": "",
            "secondary_table_host": "",
            "secondary_table_microsoft_endpoint": "",
            "secondary_table_microsoft_host": "",
            "secondary_web_endpoint": "",
            "secondary_web_host": "",
            "secondary_web_internet_endpoint": "",
            "secondary_web_internet_host": "",
            "secondary_web_microsoft_endpoint": "",
            "secondary_web_microsoft_host": "",
            "sftp_enabled": false,
            "share_properties": [
              {
                "cors_rule": [],
                "retention_policy": [
                  {
                    "days": 7
                  }
                ],
                "smb": []
              }
            ],
            "shared_access_key_enabled": true,
            "static_website": [],
            "table_encryption_key_type": "Service",
            "tags": null,
            "timeouts": null
          },
          "sensitive_attributes": [
            [
              {
                "type": "get_attr",
                "value": "secondary_connection_string"
              }
            ],
            [
              {
                "type": "get_attr",
                "value": "primary_connection_string"
              }
            ],
            [
              {
                "type": "get_attr",
                "value": "secondary_access_key"
              }
            ],
            [
              {
                "type": "get_attr",
                "value": "primary_blob_connection_string"
              }
            ],
            [
              {
                "type": "get_attr",
                "value": "primary_access_key"
              }
            ],
            [
              {
                "type": "get_attr",
                "value": "secondary_blob_connection_string"
              }
            ]
          ],
          "private": "eyJlMmJmYjczMC1lY2FhLTExZTYtOGY4OC0zNDM2M2JjN2M0YzAiOnsiY3JlYXRlIjozNjAwMDAwMDAwMDAwLCJkZWxldGUiOjM2MDAwMDAwMDAwMDAsInJlYWQiOjMwMDAwMDAwMDAwMCwidXBkYXRlIjozNjAwMDAwMDAwMDAwfSwic2NoZW1hX3ZlcnNpb24iOiI0In0=",
          "dependencies": [
            "azurerm_resource_group.rg",
            "random_id.random_id"
          ]
        }
      ]
    },
    {
      "mode": "managed",
      "type": "azurerm_subnet",
      "name": "my_terraform_subnet",
      "provider": "provider[\"registry.terraform.io/hashicorp/azurerm\"]",
      "instances": [
        {
          "schema_version": 0,
          "attributes": {
            "address_prefixes": [
              "10.0.1.0/24"
            ],
            "default_outbound_access_enabled": true,
            "delegation": [],
            "enforce_private_link_endpoint_network_policies": false,
            "enforce_private_link_service_network_policies": false,
            "id": "/subscriptions/1192b2fc-5242-4356-9165-5f212f4eb46b/resourceGroups/IDS_resource/providers/Microsoft.Network/virtualNetworks/myVnet/subnets/mySubnet",
            "name": "mySubnet",
            "private_endpoint_network_policies": "Enabled",
            "private_endpoint_network_policies_enabled": true,
            "private_link_service_network_policies_enabled": true,
            "resource_group_name": "IDS_resource",
            "service_endpoint_policy_ids": null,
            "service_endpoints": null,
            "timeouts": null,
            "virtual_network_name": "myVnet"
          },
          "sensitive_attributes": [],
          "private": "eyJlMmJmYjczMC1lY2FhLTExZTYtOGY4OC0zNDM2M2JjN2M0YzAiOnsiY3JlYXRlIjoxODAwMDAwMDAwMDAwLCJkZWxldGUiOjE4MDAwMDAwMDAwMDAsInJlYWQiOjMwMDAwMDAwMDAwMCwidXBkYXRlIjoxODAwMDAwMDAwMDAwfX0=",
          "dependencies": [
            "azurerm_resource_group.rg",
            "azurerm_virtual_network.my_terraform_network"
          ]
        }
      ]
    },
    {
      "mode": "managed",
      "type": "azurerm_virtual_network",
      "name": "my_terraform_network",
      "provider": "provider[\"registry.terraform.io/hashicorp/azurerm\"]",
      "instances": [
        {
          "schema_version": 0,
          "attributes": {
            "address_space": [
              "10.0.0.0/16"
            ],
            "bgp_community": "",
            "ddos_protection_plan": [],
            "dns_servers": [],
            "edge_zone": "",
            "encryption": [],
            "flow_timeout_in_minutes": 0,
            "guid": "a9d3af66-e721-4021-aeb8-c22a0ce9dfa8",
            "id": "/subscriptions/1192b2fc-5242-4356-9165-5f212f4eb46b/resourceGroups/IDS_resource/providers/Microsoft.Network/virtualNetworks/myVnet",
            "location": "swedencentral",
            "name": "myVnet",
            "resource_group_name": "IDS_resource",
            "subnet": [],
            "tags": null,
            "timeouts": null
          },
          "sensitive_attributes": [],
          "private": "eyJlMmJmYjczMC1lY2FhLTExZTYtOGY4OC0zNDM2M2JjN2M0YzAiOnsiY3JlYXRlIjoxODAwMDAwMDAwMDAwLCJkZWxldGUiOjE4MDAwMDAwMDAwMDAsInJlYWQiOjMwMDAwMDAwMDAwMCwidXBkYXRlIjoxODAwMDAwMDAwMDAwfX0=",
          "dependencies": [
            "azurerm_resource_group.rg"
          ]
        }
      ]
    },
    {
      "mode": "managed",
      "type": "random_id",
      "name": "random_id",
      "provider": "provider[\"registry.terraform.io/hashicorp/random\"]",
      "instances": [
        {
          "schema_version": 0,
          "attributes": {
            "b64_std": "WO4bR30l3Zw=",
            "b64_url": "WO4bR30l3Zw",
            "byte_length": 8,
            "dec": "6408089313651056028",
            "hex": "58ee1b477d25dd9c",
            "id": "WO4bR30l3Zw",
            "keepers": {
              "resource_group": "IDS_resource"
            },
            "prefix": null
          },
          "sensitive_attributes": [],
          "dependencies": [
            "azurerm_resource_group.rg"
          ]
        }
      ]
    },
    {
      "mode": "managed",
      "type": "random_pet",
      "name": "ssh_key_name",
      "provider": "provider[\"registry.terraform.io/hashicorp/random\"]",
      "instances": [
        {
          "schema_version": 0,
          "attributes": {
            "id": "sshsubtlechigger",
            "keepers": null,
            "length": 2,
            "prefix": "ssh",
            "separator": ""
          },
          "sensitive_attributes": []
        }
      ]
    }
  ],
  "check_results": null
}
